{
    "psr/event-dispatcher": {
        "version": "1.0.0"
    },
    "symfony/amqp-messenger": {
        "version": "v5.2.12"
    },
    "symfony/doctrine-messenger": {
        "version": "v5.2.12"
    },
    "symfony/polyfill-intl-grapheme": {
        "version": "v1.23.1"
    },
    "symfony/redis-messenger": {
        "version": "v5.2.12"
    },
    "symfony/string": {
        "version": "v5.2.11"
    }
}
